
Microsoft Visual Studio Solution File, Format Version 12.00
# Visual Studio Version 17
VisualStudioVersion = 17.11.35222.181
MinimumVisualStudioVersion = 10.0.40219.1
Project("{9A19103F-16F7-4668-BE54-9A1E7A4F7556}") = "MinimalAPI", "MinimalAPI\MinimalAPI.csproj", "{942ABADC-944C-4EFD-9BCF-143D43E4127A}"
EndProject
Global
	GlobalSection(SolutionConfigurationPlatforms) = preSolution
		Debug|Any CPU = Debug|Any CPU
		Release|Any CPU = Release|Any CPU
	EndGlobalSection
	GlobalSection(ProjectConfigurationPlatforms) = postSolution
		{942ABADC-944C-4EFD-9BCF-143D43E4127A}.Debug|Any CPU.ActiveCfg = Debug|Any CPU
		{942ABADC-944C-4EFD-9BCF-143D43E4127A}.Debug|Any CPU.Build.0 = Debug|Any CPU
		{942ABADC-944C-4EFD-9BCF-143D43E4127A}.Release|Any CPU.ActiveCfg = Release|Any CPU
		{942ABADC-944C-4EFD-9BCF-143D43E4127A}.Release|Any CPU.Build.0 = Release|Any CPU
	EndGlobalSection
	GlobalSection(SolutionProperties) = preSolution
		HideSolutionNode = FALSE
	EndGlobalSection
	GlobalSection(ExtensibilityGlobals) = postSolution
		SolutionGuid = {467C8521-6365-4E56-8B7F-8F4CE7AC7D8F}
	EndGlobalSection
EndGlobal
